
Microsoft Visual Studio Solution File, Format Version 12.00
# Visual Studio Version 17
VisualStudioVersion = 17.4.33122.133
MinimumVisualStudioVersion = 10.0.40219.1
Project("{FAE04EC0-301F-11D3-BF4B-00C04F79EFBC}") = "ASPnet2", "ASPnet2\ASPnet2.csproj", "{17F48BA1-6CB2-4A30-9459-76563CB5D631}"
EndProject
Global
	GlobalSection(SolutionConfigurationPlatforms) = preSolution
		Debug|Any CPU = Debug|Any CPU
		Release|Any CPU = Release|Any CPU
	EndGlobalSection
	GlobalSection(ProjectConfigurationPlatforms) = postSolution
		{17F48BA1-6CB2-4A30-9459-76563CB5D631}.Debug|Any CPU.ActiveCfg = Debug|Any CPU
		{17F48BA1-6CB2-4A30-9459-76563CB5D631}.Debug|Any CPU.Build.0 = Debug|Any CPU
		{17F48BA1-6CB2-4A30-9459-76563CB5D631}.Release|Any CPU.ActiveCfg = Release|Any CPU
		{17F48BA1-6CB2-4A30-9459-76563CB5D631}.Release|Any CPU.Build.0 = Release|Any CPU
	EndGlobalSection
	GlobalSection(SolutionProperties) = preSolution
		HideSolutionNode = FALSE
	EndGlobalSection
	GlobalSection(ExtensibilityGlobals) = postSolution
		SolutionGuid = {84FFB626-B49F-456E-AA10-F980EC4A0045}
	EndGlobalSection
EndGlobal
